// !$*UTF8*$!
{
	archiveVersion = 1;
	classes = {
	};
	objectVersion = 77;
	objects = {

/* Begin PBXBuildFile section */
		944D89862DC1E75C00C24391 /* AppDelegate.swift in Sources */ = {isa = PBXBuildFile; fileRef = 944D89852DC1E75C00C24391 /* AppDelegate.swift */; };
		944D89882DC1E75C00C24391 /* SceneDelegate.swift in Sources */ = {isa = PBXBuildFile; fileRef = 944D89872DC1E75C00C24391 /* SceneDelegate.swift */; };
		944D898B2DC1E75C00C24391 /* LaunchScreen.storyboard in Resources */ = {isa = PBXBuildFile; fileRef = 944D89892DC1E75C00C24391 /* LaunchScreen.storyboard */; };
		944D898E2DC1E75C00C24391 /* Main.storyboard in Resources */ = {isa = PBXBuildFile; fileRef = 944D898C2DC1E75C00C24391 /* Main.storyboard */; };
		944D89972DC1E75C00C24391 /* AppDelegate.swift in Sources */ = {isa = PBXBuildFile; fileRef = 944D89962DC1E75C00C24391 /* AppDelegate.swift */; };
		944D899A2DC1E75C00C24391 /* Main.storyboard in Resources */ = {isa = PBXBuildFile; fileRef = 944D89982DC1E75C00C24391 /* Main.storyboard */; };
		944D89A22DC1E75C00C24391 /* FuckTheKLMSLogin Extension.appex in Embed Foundation Extensions */ = {isa = PBXBuildFile; fileRef = 944D89A12DC1E75C00C24391 /* FuckTheKLMSLogin Extension.appex */; settings = {ATTRIBUTES = (RemoveHeadersOnCopy, ); }; };
		944D89AC2DC1E75C00C24391 /* FuckTheKLMSLogin Extension.appex in Embed Foundation Extensions */ = {isa = PBXBuildFile; fileRef = 944D89AB2DC1E75C00C24391 /* FuckTheKLMSLogin Extension.appex */; settings = {ATTRIBUTES = (RemoveHeadersOnCopy, ); }; };
		944D89B22DC1E75C00C24391 /* Main.html in Resources */ = {isa = PBXBuildFile; fileRef = 944D89752DC1E75B00C24391 /* Main.html */; };
		944D89B32DC1E75C00C24391 /* Main.html in Resources */ = {isa = PBXBuildFile; fileRef = 944D89752DC1E75B00C24391 /* Main.html */; };
		944D89B42DC1E75C00C24391 /* Icon.png in Resources */ = {isa = PBXBuildFile; fileRef = 944D89772DC1E75B00C24391 /* Icon.png */; };
		944D89B52DC1E75C00C24391 /* Icon.png in Resources */ = {isa = PBXBuildFile; fileRef = 944D89772DC1E75B00C24391 /* Icon.png */; };
		944D89B62DC1E75C00C24391 /* Style.css in Resources */ = {isa = PBXBuildFile; fileRef = 944D89782DC1E75B00C24391 /* Style.css */; };
		944D89B72DC1E75C00C24391 /* Style.css in Resources */ = {isa = PBXBuildFile; fileRef = 944D89782DC1E75B00C24391 /* Style.css */; };
		944D89B82DC1E75C00C24391 /* Script.js in Resources */ = {isa = PBXBuildFile; fileRef = 944D89792DC1E75B00C24391 /* Script.js */; };
		944D89B92DC1E75C00C24391 /* Script.js in Resources */ = {isa = PBXBuildFile; fileRef = 944D89792DC1E75B00C24391 /* Script.js */; };
		944D89BA2DC1E75C00C24391 /* ViewController.swift in Sources */ = {isa = PBXBuildFile; fileRef = 944D897A2DC1E75B00C24391 /* ViewController.swift */; };
		944D89BB2DC1E75C00C24391 /* ViewController.swift in Sources */ = {isa = PBXBuildFile; fileRef = 944D897A2DC1E75B00C24391 /* ViewController.swift */; };
		944D89BC2DC1E75C00C24391 /* Assets.xcassets in Resources */ = {isa = PBXBuildFile; fileRef = 944D897B2DC1E75C00C24391 /* Assets.xcassets */; };
		944D89BD2DC1E75C00C24391 /* Assets.xcassets in Resources */ = {isa = PBXBuildFile; fileRef = 944D897B2DC1E75C00C24391 /* Assets.xcassets */; };
		944D89BE2DC1E75C00C24391 /* SafariWebExtensionHandler.swift in Sources */ = {isa = PBXBuildFile; fileRef = 944D897D2DC1E75C00C24391 /* SafariWebExtensionHandler.swift */; };
		944D89BF2DC1E75C00C24391 /* SafariWebExtensionHandler.swift in Sources */ = {isa = PBXBuildFile; fileRef = 944D897D2DC1E75C00C24391 /* SafariWebExtensionHandler.swift */; };
		944D89D52DC1E75C00C24391 /* background.js in Resources */ = {isa = PBXBuildFile; fileRef = 944D89D12DC1E75C00C24391 /* background.js */; };
		944D89D62DC1E75C00C24391 /* config.json in Resources */ = {isa = PBXBuildFile; fileRef = 944D89D22DC1E75C00C24391 /* config.json */; };
		944D89D72DC1E75C00C24391 /* FuckTheKLMSLogin in Resources */ = {isa = PBXBuildFile; fileRef = 944D89D32DC1E75C00C24391 /* FuckTheKLMSLogin */; };
		944D89D82DC1E75C00C24391 /* manifest.json in Resources */ = {isa = PBXBuildFile; fileRef = 944D89D42DC1E75C00C24391 /* manifest.json */; };
		944D89D92DC1E75C00C24391 /* background.js in Resources */ = {isa = PBXBuildFile; fileRef = 944D89D12DC1E75C00C24391 /* background.js */; };
		944D89DA2DC1E75C00C24391 /* config.json in Resources */ = {isa = PBXBuildFile; fileRef = 944D89D22DC1E75C00C24391 /* config.json */; };
		944D89DB2DC1E75C00C24391 /* FuckTheKLMSLogin in Resources */ = {isa = PBXBuildFile; fileRef = 944D89D32DC1E75C00C24391 /* FuckTheKLMSLogin */; };
		944D89DC2DC1E75C00C24391 /* manifest.json in Resources */ = {isa = PBXBuildFile; fileRef = 944D89D42DC1E75C00C24391 /* manifest.json */; };
		94C729BB2DC1E931007B3F9B /* config.json in Resources */ = {isa = PBXBuildFile; fileRef = 94C729BA2DC1E931007B3F9B /* config.json */; };
/* End PBXBuildFile section */

/* Begin PBXContainerItemProxy section */
		944D89A32DC1E75C00C24391 /* PBXContainerItemProxy */ = {
			isa = PBXContainerItemProxy;
			containerPortal = 944D896F2DC1E75B00C24391 /* Project object */;
			proxyType = 1;
			remoteGlobalIDString = 944D89A02DC1E75C00C24391;
			remoteInfo = "FuckTheKLMSLogin Extension (iOS)";
		};
		944D89AD2DC1E75C00C24391 /* PBXContainerItemProxy */ = {
			isa = PBXContainerItemProxy;
			containerPortal = 944D896F2DC1E75B00C24391 /* Project object */;
			proxyType = 1;
			remoteGlobalIDString = 944D89AA2DC1E75C00C24391;
			remoteInfo = "FuckTheKLMSLogin Extension (macOS)";
		};
/* End PBXContainerItemProxy section */

/* Begin PBXCopyFilesBuildPhase section */
		944D89C52DC1E75C00C24391 /* Embed Foundation Extensions */ = {
			isa = PBXCopyFilesBuildPhase;
			buildActionMask = 2147483647;
			dstPath = "";
			dstSubfolderSpec = 13;
			files = (
				944D89A22DC1E75C00C24391 /* FuckTheKLMSLogin Extension.appex in Embed Foundation Extensions */,
			);
			name = "Embed Foundation Extensions";
			runOnlyForDeploymentPostprocessing = 0;
		};
		944D89CC2DC1E75C00C24391 /* Embed Foundation Extensions */ = {
			isa = PBXCopyFilesBuildPhase;
			buildActionMask = 2147483647;
			dstPath = "";
			dstSubfolderSpec = 13;
			files = (
				944D89AC2DC1E75C00C24391 /* FuckTheKLMSLogin Extension.appex in Embed Foundation Extensions */,
			);
			name = "Embed Foundation Extensions";
			runOnlyForDeploymentPostprocessing = 0;
		};
/* End PBXCopyFilesBuildPhase section */

/* Begin PBXFileReference section */
		944D89762DC1E75B00C24391 /* Base */ = {isa = PBXFileReference; lastKnownFileType = text.html; name = Base; path = Base.lproj/Main.html; sourceTree = "<group>"; };
		944D89772DC1E75B00C24391 /* Icon.png */ = {isa = PBXFileReference; lastKnownFileType = image.png; path = Icon.png; sourceTree = "<group>"; };
		944D89782DC1E75B00C24391 /* Style.css */ = {isa = PBXFileReference; lastKnownFileType = text.css; path = Style.css; sourceTree = "<group>"; };
		944D89792DC1E75B00C24391 /* Script.js */ = {isa = PBXFileReference; lastKnownFileType = sourcecode.javascript; path = Script.js; sourceTree = "<group>"; };
		944D897A2DC1E75B00C24391 /* ViewController.swift */ = {isa = PBXFileReference; lastKnownFileType = sourcecode.swift; path = ViewController.swift; sourceTree = "<group>"; };
		944D897B2DC1E75C00C24391 /* Assets.xcassets */ = {isa = PBXFileReference; lastKnownFileType = folder.assetcatalog; path = Assets.xcassets; sourceTree = "<group>"; };
		944D897D2DC1E75C00C24391 /* SafariWebExtensionHandler.swift */ = {isa = PBXFileReference; lastKnownFileType = sourcecode.swift; path = SafariWebExtensionHandler.swift; sourceTree = "<group>"; };
		944D89822DC1E75C00C24391 /* FuckTheKLMSLogin.app */ = {isa = PBXFileReference; explicitFileType = wrapper.application; includeInIndex = 0; path = FuckTheKLMSLogin.app; sourceTree = BUILT_PRODUCTS_DIR; };
		944D89852DC1E75C00C24391 /* AppDelegate.swift */ = {isa = PBXFileReference; lastKnownFileType = sourcecode.swift; path = AppDelegate.swift; sourceTree = "<group>"; };
		944D89872DC1E75C00C24391 /* SceneDelegate.swift */ = {isa = PBXFileReference; lastKnownFileType = sourcecode.swift; path = SceneDelegate.swift; sourceTree = "<group>"; };
		944D898A2DC1E75C00C24391 /* Base */ = {isa = PBXFileReference; lastKnownFileType = file.storyboard; name = Base; path = Base.lproj/LaunchScreen.storyboard; sourceTree = "<group>"; };
		944D898D2DC1E75C00C24391 /* Base */ = {isa = PBXFileReference; lastKnownFileType = file.storyboard; name = Base; path = Base.lproj/Main.storyboard; sourceTree = "<group>"; };
		944D898F2DC1E75C00C24391 /* Info.plist */ = {isa = PBXFileReference; lastKnownFileType = text.plist.xml; path = Info.plist; sourceTree = "<group>"; };
		944D89942DC1E75C00C24391 /* FuckTheKLMSLogin.app */ = {isa = PBXFileReference; explicitFileType = wrapper.application; includeInIndex = 0; path = FuckTheKLMSLogin.app; sourceTree = BUILT_PRODUCTS_DIR; };
		944D89962DC1E75C00C24391 /* AppDelegate.swift */ = {isa = PBXFileReference; lastKnownFileType = sourcecode.swift; path = AppDelegate.swift; sourceTree = "<group>"; };
		944D89992DC1E75C00C24391 /* Base */ = {isa = PBXFileReference; lastKnownFileType = file.storyboard; name = Base; path = Base.lproj/Main.storyboard; sourceTree = "<group>"; };
		944D899B2DC1E75C00C24391 /* Info.plist */ = {isa = PBXFileReference; lastKnownFileType = text.plist.xml; path = Info.plist; sourceTree = "<group>"; };
		944D899C2DC1E75C00C24391 /* FuckTheKLMSLogin.entitlements */ = {isa = PBXFileReference; lastKnownFileType = text.plist.entitlements; path = FuckTheKLMSLogin.entitlements; sourceTree = "<group>"; };
		944D89A12DC1E75C00C24391 /* FuckTheKLMSLogin Extension.appex */ = {isa = PBXFileReference; explicitFileType = "wrapper.app-extension"; includeInIndex = 0; path = "FuckTheKLMSLogin Extension.appex"; sourceTree = BUILT_PRODUCTS_DIR; };
		944D89A62DC1E75C00C24391 /* Info.plist */ = {isa = PBXFileReference; lastKnownFileType = text.plist.xml; path = Info.plist; sourceTree = "<group>"; };
		944D89AB2DC1E75C00C24391 /* FuckTheKLMSLogin Extension.appex */ = {isa = PBXFileReference; explicitFileType = "wrapper.app-extension"; includeInIndex = 0; path = "FuckTheKLMSLogin Extension.appex"; sourceTree = BUILT_PRODUCTS_DIR; };
		944D89B02DC1E75C00C24391 /* Info.plist */ = {isa = PBXFileReference; lastKnownFileType = text.plist.xml; path = Info.plist; sourceTree = "<group>"; };
		944D89B12DC1E75C00C24391 /* FuckTheKLMSLogin.entitlements */ = {isa = PBXFileReference; lastKnownFileType = text.plist.entitlements; path = FuckTheKLMSLogin.entitlements; sourceTree = "<group>"; };
		944D89D12DC1E75C00C24391 /* background.js */ = {isa = PBXFileReference; lastKnownFileType = sourcecode.javascript; name = background.js; path = ../../../background.js; sourceTree = "<group>"; };
		944D89D22DC1E75C00C24391 /* config.json */ = {isa = PBXFileReference; lastKnownFileType = text.json; name = config.json; path = ../../../config.json; sourceTree = "<group>"; };
		944D89D32DC1E75C00C24391 /* FuckTheKLMSLogin */ = {isa = PBXFileReference; lastKnownFileType = folder; name = FuckTheKLMSLogin; path = ../..; sourceTree = "<group>"; };
		944D89D42DC1E75C00C24391 /* manifest.json */ = {isa = PBXFileReference; lastKnownFileType = text.json; name = manifest.json; path = ../../../manifest.json; sourceTree = "<group>"; };
		94C729BA2DC1E931007B3F9B /* config.json */ = {isa = PBXFileReference; lastKnownFileType = text.json; name = config.json; path = ../../config.json; sourceTree = "<group>"; };
/* End PBXFileReference section */

/* Begin PBXFrameworksBuildPhase section */
		944D897F2DC1E75C00C24391 /* Frameworks */ = {
			isa = PBXFrameworksBuildPhase;
			buildActionMask = 2147483647;
			files = (
			);
			runOnlyForDeploymentPostprocessing = 0;
		};
		944D89912DC1E75C00C24391 /* Frameworks */ = {
			isa = PBXFrameworksBuildPhase;
			buildActionMask = 2147483647;
			files = (
			);
			runOnlyForDeploymentPostprocessing = 0;
		};
		944D899E2DC1E75C00C24391 /* Frameworks */ = {
			isa = PBXFrameworksBuildPhase;
			buildActionMask = 2147483647;
			files = (
			);
			runOnlyForDeploymentPostprocessing = 0;
		};
		944D89A82DC1E75C00C24391 /* Frameworks */ = {
			isa = PBXFrameworksBuildPhase;
			buildActionMask = 2147483647;
			files = (
			);
			runOnlyForDeploymentPostprocessing = 0;
		};
/* End PBXFrameworksBuildPhase section */

/* Begin PBXGroup section */
		944D896E2DC1E75B00C24391 = {
			isa = PBXGroup;
			children = (
				94C729BA2DC1E931007B3F9B /* config.json */,
				944D89732DC1E75B00C24391 /* Shared (App) */,
				944D897C2DC1E75C00C24391 /* Shared (Extension) */,
				944D89842DC1E75C00C24391 /* iOS (App) */,
				944D89952DC1E75C00C24391 /* macOS (App) */,
				944D89A52DC1E75C00C24391 /* iOS (Extension) */,
				944D89AF2DC1E75C00C24391 /* macOS (Extension) */,
				944D89832DC1E75C00C24391 /* Products */,
			);
			sourceTree = "<group>";
		};
		944D89732DC1E75B00C24391 /* Shared (App) */ = {
			isa = PBXGroup;
			children = (
				944D897A2DC1E75B00C24391 /* ViewController.swift */,
				944D897B2DC1E75C00C24391 /* Assets.xcassets */,
				944D89742DC1E75B00C24391 /* Resources */,
			);
			path = "Shared (App)";
			sourceTree = "<group>";
		};
		944D89742DC1E75B00C24391 /* Resources */ = {
			isa = PBXGroup;
			children = (
				944D89752DC1E75B00C24391 /* Main.html */,
				944D89772DC1E75B00C24391 /* Icon.png */,
				944D89782DC1E75B00C24391 /* Style.css */,
				944D89792DC1E75B00C24391 /* Script.js */,
			);
			path = Resources;
			sourceTree = "<group>";
		};
		944D897C2DC1E75C00C24391 /* Shared (Extension) */ = {
			isa = PBXGroup;
			children = (
				944D89D02DC1E75C00C24391 /* Resources */,
				944D897D2DC1E75C00C24391 /* SafariWebExtensionHandler.swift */,
			);
			path = "Shared (Extension)";
			sourceTree = "<group>";
		};
		944D89832DC1E75C00C24391 /* Products */ = {
			isa = PBXGroup;
			children = (
				944D89822DC1E75C00C24391 /* FuckTheKLMSLogin.app */,
				944D89942DC1E75C00C24391 /* FuckTheKLMSLogin.app */,
				944D89A12DC1E75C00C24391 /* FuckTheKLMSLogin Extension.appex */,
				944D89AB2DC1E75C00C24391 /* FuckTheKLMSLogin Extension.appex */,
			);
			name = Products;
			sourceTree = "<group>";
		};
		944D89842DC1E75C00C24391 /* iOS (App) */ = {
			isa = PBXGroup;
			children = (
				944D89852DC1E75C00C24391 /* AppDelegate.swift */,
				944D89872DC1E75C00C24391 /* SceneDelegate.swift */,
				944D89892DC1E75C00C24391 /* LaunchScreen.storyboard */,
				944D898C2DC1E75C00C24391 /* Main.storyboard */,
				944D898F2DC1E75C00C24391 /* Info.plist */,
			);
			path = "iOS (App)";
			sourceTree = "<group>";
		};
		944D89952DC1E75C00C24391 /* macOS (App) */ = {
			isa = PBXGroup;
			children = (
				944D89962DC1E75C00C24391 /* AppDelegate.swift */,
				944D89982DC1E75C00C24391 /* Main.storyboard */,
				944D899B2DC1E75C00C24391 /* Info.plist */,
				944D899C2DC1E75C00C24391 /* FuckTheKLMSLogin.entitlements */,
			);
			path = "macOS (App)";
			sourceTree = "<group>";
		};
		944D89A52DC1E75C00C24391 /* iOS (Extension) */ = {
			isa = PBXGroup;
			children = (
				944D89A62DC1E75C00C24391 /* Info.plist */,
			);
			path = "iOS (Extension)";
			sourceTree = "<group>";
		};
		944D89AF2DC1E75C00C24391 /* macOS (Extension) */ = {
			isa = PBXGroup;
			children = (
				944D89B02DC1E75C00C24391 /* Info.plist */,
				944D89B12DC1E75C00C24391 /* FuckTheKLMSLogin.entitlements */,
			);
			path = "macOS (Extension)";
			sourceTree = "<group>";
		};
		944D89D02DC1E75C00C24391 /* Resources */ = {
			isa = PBXGroup;
			children = (
				944D89D12DC1E75C00C24391 /* background.js */,
				944D89D22DC1E75C00C24391 /* config.json */,
				944D89D32DC1E75C00C24391 /* FuckTheKLMSLogin */,
				944D89D42DC1E75C00C24391 /* manifest.json */,
			);
			name = Resources;
			path = "Shared (Extension)";
			sourceTree = SOURCE_ROOT;
		};
/* End PBXGroup section */

/* Begin PBXNativeTarget section */
		944D89812DC1E75C00C24391 /* FuckTheKLMSLogin (iOS) */ = {
			isa = PBXNativeTarget;
			buildConfigurationList = 944D89C62DC1E75C00C24391 /* Build configuration list for PBXNativeTarget "FuckTheKLMSLogin (iOS)" */;
			buildPhases = (
				944D897E2DC1E75C00C24391 /* Sources */,
				944D897F2DC1E75C00C24391 /* Frameworks */,
				944D89802DC1E75C00C24391 /* Resources */,
				944D89C52DC1E75C00C24391 /* Embed Foundation Extensions */,
			);
			buildRules = (
			);
			dependencies = (
				944D89A42DC1E75C00C24391 /* PBXTargetDependency */,
			);
			name = "FuckTheKLMSLogin (iOS)";
			packageProductDependencies = (
			);
			productName = "FuckTheKLMSLogin (iOS)";
			productReference = 944D89822DC1E75C00C24391 /* FuckTheKLMSLogin.app */;
			productType = "com.apple.product-type.application";
		};
		944D89932DC1E75C00C24391 /* FuckTheKLMSLogin (macOS) */ = {
			isa = PBXNativeTarget;
			buildConfigurationList = 944D89CD2DC1E75C00C24391 /* Build configuration list for PBXNativeTarget "FuckTheKLMSLogin (macOS)" */;
			buildPhases = (
				944D89902DC1E75C00C24391 /* Sources */,
				944D89912DC1E75C00C24391 /* Frameworks */,
				944D89922DC1E75C00C24391 /* Resources */,
				944D89CC2DC1E75C00C24391 /* Embed Foundation Extensions */,
			);
			buildRules = (
			);
			dependencies = (
				944D89AE2DC1E75C00C24391 /* PBXTargetDependency */,
			);
			name = "FuckTheKLMSLogin (macOS)";
			packageProductDependencies = (
			);
			productName = "FuckTheKLMSLogin (macOS)";
			productReference = 944D89942DC1E75C00C24391 /* FuckTheKLMSLogin.app */;
			productType = "com.apple.product-type.application";
		};
		944D89A02DC1E75C00C24391 /* FuckTheKLMSLogin Extension (iOS) */ = {
			isa = PBXNativeTarget;
			buildConfigurationList = 944D89C22DC1E75C00C24391 /* Build configuration list for PBXNativeTarget "FuckTheKLMSLogin Extension (iOS)" */;
			buildPhases = (
				944D899D2DC1E75C00C24391 /* Sources */,
				944D899E2DC1E75C00C24391 /* Frameworks */,
				944D899F2DC1E75C00C24391 /* Resources */,
			);
			buildRules = (
			);
			dependencies = (
			);
			name = "FuckTheKLMSLogin Extension (iOS)";
			packageProductDependencies = (
			);
			productName = "FuckTheKLMSLogin Extension (iOS)";
			productReference = 944D89A12DC1E75C00C24391 /* FuckTheKLMSLogin Extension.appex */;
			productType = "com.apple.product-type.app-extension";
		};
		944D89AA2DC1E75C00C24391 /* FuckTheKLMSLogin Extension (macOS) */ = {
			isa = PBXNativeTarget;
			buildConfigurationList = 944D89C92DC1E75C00C24391 /* Build configuration list for PBXNativeTarget "FuckTheKLMSLogin Extension (macOS)" */;
			buildPhases = (
				944D89A72DC1E75C00C24391 /* Sources */,
				944D89A82DC1E75C00C24391 /* Frameworks */,
				944D89A92DC1E75C00C24391 /* Resources */,
			);
			buildRules = (
			);
			dependencies = (
			);
			name = "FuckTheKLMSLogin Extension (macOS)";
			packageProductDependencies = (
			);
			productName = "FuckTheKLMSLogin Extension (macOS)";
			productReference = 944D89AB2DC1E75C00C24391 /* FuckTheKLMSLogin Extension.appex */;
			productType = "com.apple.product-type.app-extension";
		};
/* End PBXNativeTarget section */

/* Begin PBXProject section */
		944D896F2DC1E75B00C24391 /* Project object */ = {
			isa = PBXProject;
			attributes = {
				BuildIndependentTargetsInParallel = 1;
				LastSwiftUpdateCheck = 1630;
				LastUpgradeCheck = 1630;
				TargetAttributes = {
					944D89812DC1E75C00C24391 = {
						CreatedOnToolsVersion = 16.3;
					};
					944D89932DC1E75C00C24391 = {
						CreatedOnToolsVersion = 16.3;
					};
					944D89A02DC1E75C00C24391 = {
						CreatedOnToolsVersion = 16.3;
					};
					944D89AA2DC1E75C00C24391 = {
						CreatedOnToolsVersion = 16.3;
					};
				};
			};
			buildConfigurationList = 944D89722DC1E75B00C24391 /* Build configuration list for PBXProject "FuckTheKLMSLogin" */;
			developmentRegion = en;
			hasScannedForEncodings = 0;
			knownRegions = (
				en,
				Base,
			);
			mainGroup = 944D896E2DC1E75B00C24391;
			minimizedProjectReferenceProxies = 1;
			preferredProjectObjectVersion = 77;
			productRefGroup = 944D89832DC1E75C00C24391 /* Products */;
			projectDirPath = "";
			projectRoot = "";
			targets = (
				944D89812DC1E75C00C24391 /* FuckTheKLMSLogin (iOS) */,
				944D89932DC1E75C00C24391 /* FuckTheKLMSLogin (macOS) */,
				944D89A02DC1E75C00C24391 /* FuckTheKLMSLogin Extension (iOS) */,
				944D89AA2DC1E75C00C24391 /* FuckTheKLMSLogin Extension (macOS) */,
			);
		};
/* End PBXProject section */

/* Begin PBXResourcesBuildPhase section */
		944D89802DC1E75C00C24391 /* Resources */ = {
			isa = PBXResourcesBuildPhase;
			buildActionMask = 2147483647;
			files = (
				944D89B42DC1E75C00C24391 /* Icon.png in Resources */,
				944D898B2DC1E75C00C24391 /* LaunchScreen.storyboard in Resources */,
				944D89B22DC1E75C00C24391 /* Main.html in Resources */,
				944D89B82DC1E75C00C24391 /* Script.js in Resources */,
				944D89BC2DC1E75C00C24391 /* Assets.xcassets in Resources */,
				944D898E2DC1E75C00C24391 /* Main.storyboard in Resources */,
				944D89B62DC1E75C00C24391 /* Style.css in Resources */,
			);
			runOnlyForDeploymentPostprocessing = 0;
		};
		944D89922DC1E75C00C24391 /* Resources */ = {
			isa = PBXResourcesBuildPhase;
			buildActionMask = 2147483647;
			files = (
				94C729BB2DC1E931007B3F9B /* config.json in Resources */,
				944D89B52DC1E75C00C24391 /* Icon.png in Resources */,
				944D89B72DC1E75C00C24391 /* Style.css in Resources */,
				944D899A2DC1E75C00C24391 /* Main.storyboard in Resources */,
				944D89B92DC1E75C00C24391 /* Script.js in Resources */,
				944D89BD2DC1E75C00C24391 /* Assets.xcassets in Resources */,
				944D89B32DC1E75C00C24391 /* Main.html in Resources */,
			);
			runOnlyForDeploymentPostprocessing = 0;
		};
		944D899F2DC1E75C00C24391 /* Resources */ = {
			isa = PBXResourcesBuildPhase;
			buildActionMask = 2147483647;
			files = (
				944D89DC2DC1E75C00C24391 /* manifest.json in Resources */,
				944D89DB2DC1E75C00C24391 /* FuckTheKLMSLogin in Resources */,
				944D89D92DC1E75C00C24391 /* background.js in Resources */,
				944D89DA2DC1E75C00C24391 /* config.json in Resources */,
			);
			runOnlyForDeploymentPostprocessing = 0;
		};
		944D89A92DC1E75C00C24391 /* Resources */ = {
			isa = PBXResourcesBuildPhase;
			buildActionMask = 2147483647;
			files = (
				944D89D82DC1E75C00C24391 /* manifest.json in Resources */,
				944D89D72DC1E75C00C24391 /* FuckTheKLMSLogin in Resources */,
				944D89D52DC1E75C00C24391 /* background.js in Resources */,
				944D89D62DC1E75C00C24391 /* config.json in Resources */,
			);
			runOnlyForDeploymentPostprocessing = 0;
		};
/* End PBXResourcesBuildPhase section */

/* Begin PBXSourcesBuildPhase section */
		944D897E2DC1E75C00C24391 /* Sources */ = {
			isa = PBXSourcesBuildPhase;
			buildActionMask = 2147483647;
			files = (
				944D89BA2DC1E75C00C24391 /* ViewController.swift in Sources */,
				944D89862DC1E75C00C24391 /* AppDelegate.swift in Sources */,
				944D89882DC1E75C00C24391 /* SceneDelegate.swift in Sources */,
			);
			runOnlyForDeploymentPostprocessing = 0;
		};
		944D89902DC1E75C00C24391 /* Sources */ = {
			isa = PBXSourcesBuildPhase;
			buildActionMask = 2147483647;
			files = (
				944D89BB2DC1E75C00C24391 /* ViewController.swift in Sources */,
				944D89972DC1E75C00C24391 /* AppDelegate.swift in Sources */,
			);
			runOnlyForDeploymentPostprocessing = 0;
		};
		944D899D2DC1E75C00C24391 /* Sources */ = {
			isa = PBXSourcesBuildPhase;
			buildActionMask = 2147483647;
			files = (
				944D89BE2DC1E75C00C24391 /* SafariWebExtensionHandler.swift in Sources */,
			);
			runOnlyForDeploymentPostprocessing = 0;
		};
		944D89A72DC1E75C00C24391 /* Sources */ = {
			isa = PBXSourcesBuildPhase;
			buildActionMask = 2147483647;
			files = (
				944D89BF2DC1E75C00C24391 /* SafariWebExtensionHandler.swift in Sources */,
			);
			runOnlyForDeploymentPostprocessing = 0;
		};
/* End PBXSourcesBuildPhase section */

/* Begin PBXTargetDependency section */
		944D89A42DC1E75C00C24391 /* PBXTargetDependency */ = {
			isa = PBXTargetDependency;
			target = 944D89A02DC1E75C00C24391 /* FuckTheKLMSLogin Extension (iOS) */;
			targetProxy = 944D89A32DC1E75C00C24391 /* PBXContainerItemProxy */;
		};
		944D89AE2DC1E75C00C24391 /* PBXTargetDependency */ = {
			isa = PBXTargetDependency;
			target = 944D89AA2DC1E75C00C24391 /* FuckTheKLMSLogin Extension (macOS) */;
			targetProxy = 944D89AD2DC1E75C00C24391 /* PBXContainerItemProxy */;
		};
/* End PBXTargetDependency section */

/* Begin PBXVariantGroup section */
		944D89752DC1E75B00C24391 /* Main.html */ = {
			isa = PBXVariantGroup;
			children = (
				944D89762DC1E75B00C24391 /* Base */,
			);
			name = Main.html;
			sourceTree = "<group>";
		};
		944D89892DC1E75C00C24391 /* LaunchScreen.storyboard */ = {
			isa = PBXVariantGroup;
			children = (
				944D898A2DC1E75C00C24391 /* Base */,
			);
			name = LaunchScreen.storyboard;
			sourceTree = "<group>";
		};
		944D898C2DC1E75C00C24391 /* Main.storyboard */ = {
			isa = PBXVariantGroup;
			children = (
				944D898D2DC1E75C00C24391 /* Base */,
			);
			name = Main.storyboard;
			sourceTree = "<group>";
		};
		944D89982DC1E75C00C24391 /* Main.storyboard */ = {
			isa = PBXVariantGroup;
			children = (
				944D89992DC1E75C00C24391 /* Base */,
			);
			name = Main.storyboard;
			sourceTree = "<group>";
		};
/* End PBXVariantGroup section */

/* Begin XCBuildConfiguration section */
		944D89C02DC1E75C00C24391 /* Debug */ = {
			isa = XCBuildConfiguration;
			buildSettings = {
				ALWAYS_SEARCH_USER_PATHS = NO;
				ASSETCATALOG_COMPILER_GENERATE_SWIFT_ASSET_SYMBOL_EXTENSIONS = YES;
				CLANG_ANALYZER_NONNULL = YES;
				CLANG_ANALYZER_NUMBER_OBJECT_CONVERSION = YES_AGGRESSIVE;
				CLANG_CXX_LANGUAGE_STANDARD = "gnu++20";
				CLANG_ENABLE_MODULES = YES;
				CLANG_ENABLE_OBJC_ARC = YES;
				CLANG_ENABLE_OBJC_WEAK = YES;
				CLANG_WARN_BLOCK_CAPTURE_AUTORELEASING = YES;
				CLANG_WARN_BOOL_CONVERSION = YES;
				CLANG_WARN_COMMA = YES;
				CLANG_WARN_CONSTANT_CONVERSION = YES;
				CLANG_WARN_DEPRECATED_OBJC_IMPLEMENTATIONS = YES;
				CLANG_WARN_DIRECT_OBJC_ISA_USAGE = YES_ERROR;
				CLANG_WARN_DOCUMENTATION_COMMENTS = YES;
				CLANG_WARN_EMPTY_BODY = YES;
				CLANG_WARN_ENUM_CONVERSION = YES;
				CLANG_WARN_INFINITE_RECURSION = YES;
				CLANG_WARN_INT_CONVERSION = YES;
				CLANG_WARN_NON_LITERAL_NULL_CONVERSION = YES;
				CLANG_WARN_OBJC_IMPLICIT_RETAIN_SELF = YES;
				CLANG_WARN_OBJC_LITERAL_CONVERSION = YES;
				CLANG_WARN_OBJC_ROOT_CLASS = YES_ERROR;
				CLANG_WARN_QUOTED_INCLUDE_IN_FRAMEWORK_HEADER = YES;
				CLANG_WARN_RANGE_LOOP_ANALYSIS = YES;
				CLANG_WARN_STRICT_PROTOTYPES = YES;
				CLANG_WARN_SUSPICIOUS_MOVE = YES;
				CLANG_WARN_UNGUARDED_AVAILABILITY = YES_AGGRESSIVE;
				CLANG_WARN_UNREACHABLE_CODE = YES;
				CLANG_WARN__DUPLICATE_METHOD_MATCH = YES;
				COPY_PHASE_STRIP = NO;
				DEBUG_INFORMATION_FORMAT = dwarf;
				ENABLE_STRICT_OBJC_MSGSEND = YES;
				ENABLE_TESTABILITY = YES;
				ENABLE_USER_SCRIPT_SANDBOXING = YES;
				GCC_C_LANGUAGE_STANDARD = gnu17;
				GCC_DYNAMIC_NO_PIC = NO;
				GCC_NO_COMMON_BLOCKS = YES;
				GCC_OPTIMIZATION_LEVEL = 0;
				GCC_PREPROCESSOR_DEFINITIONS = (
					"DEBUG=1",
					"$(inherited)",
				);
				GCC_WARN_64_TO_32_BIT_CONVERSION = YES;
				GCC_WARN_ABOUT_RETURN_TYPE = YES_ERROR;
				GCC_WARN_UNDECLARED_SELECTOR = YES;
				GCC_WARN_UNINITIALIZED_AUTOS = YES_AGGRESSIVE;
				GCC_WARN_UNUSED_FUNCTION = YES;
				GCC_WARN_UNUSED_VARIABLE = YES;
				LOCALIZATION_PREFERS_STRING_CATALOGS = YES;
				MTL_ENABLE_DEBUG_INFO = INCLUDE_SOURCE;
				MTL_FAST_MATH = YES;
				ONLY_ACTIVE_ARCH = YES;
				SWIFT_ACTIVE_COMPILATION_CONDITIONS = "DEBUG $(inherited)";
				SWIFT_OPTIMIZATION_LEVEL = "-Onone";
			};
			name = Debug;
		};
		944D89C12DC1E75C00C24391 /* Release */ = {
			isa = XCBuildConfiguration;
			buildSettings = {
				ALWAYS_SEARCH_USER_PATHS = NO;
				ASSETCATALOG_COMPILER_GENERATE_SWIFT_ASSET_SYMBOL_EXTENSIONS = YES;
				CLANG_ANALYZER_NONNULL = YES;
				CLANG_ANALYZER_NUMBER_OBJECT_CONVERSION = YES_AGGRESSIVE;
				CLANG_CXX_LANGUAGE_STANDARD = "gnu++20";
				CLANG_ENABLE_MODULES = YES;
				CLANG_ENABLE_OBJC_ARC = YES;
				CLANG_ENABLE_OBJC_WEAK = YES;
				CLANG_WARN_BLOCK_CAPTURE_AUTORELEASING = YES;
				CLANG_WARN_BOOL_CONVERSION = YES;
				CLANG_WARN_COMMA = YES;
				CLANG_WARN_CONSTANT_CONVERSION = YES;
				CLANG_WARN_DEPRECATED_OBJC_IMPLEMENTATIONS = YES;
				CLANG_WARN_DIRECT_OBJC_ISA_USAGE = YES_ERROR;
				CLANG_WARN_DOCUMENTATION_COMMENTS = YES;
				CLANG_WARN_EMPTY_BODY = YES;
				CLANG_WARN_ENUM_CONVERSION = YES;
				CLANG_WARN_INFINITE_RECURSION = YES;
				CLANG_WARN_INT_CONVERSION = YES;
				CLANG_WARN_NON_LITERAL_NULL_CONVERSION = YES;
				CLANG_WARN_OBJC_IMPLICIT_RETAIN_SELF = YES;
				CLANG_WARN_OBJC_LITERAL_CONVERSION = YES;
				CLANG_WARN_OBJC_ROOT_CLASS = YES_ERROR;
				CLANG_WARN_QUOTED_INCLUDE_IN_FRAMEWORK_HEADER = YES;
				CLANG_WARN_RANGE_LOOP_ANALYSIS = YES;
				CLANG_WARN_STRICT_PROTOTYPES = YES;
				CLANG_WARN_SUSPICIOUS_MOVE = YES;
				CLANG_WARN_UNGUARDED_AVAILABILITY = YES_AGGRESSIVE;
				CLANG_WARN_UNREACHABLE_CODE = YES;
				CLANG_WARN__DUPLICATE_METHOD_MATCH = YES;
				COPY_PHASE_STRIP = NO;
				DEBUG_INFORMATION_FORMAT = "dwarf-with-dsym";
				ENABLE_NS_ASSERTIONS = NO;
				ENABLE_STRICT_OBJC_MSGSEND = YES;
				ENABLE_USER_SCRIPT_SANDBOXING = YES;
				GCC_C_LANGUAGE_STANDARD = gnu17;
				GCC_NO_COMMON_BLOCKS = YES;
				GCC_WARN_64_TO_32_BIT_CONVERSION = YES;
				GCC_WARN_ABOUT_RETURN_TYPE = YES_ERROR;
				GCC_WARN_UNDECLARED_SELECTOR = YES;
				GCC_WARN_UNINITIALIZED_AUTOS = YES_AGGRESSIVE;
				GCC_WARN_UNUSED_FUNCTION = YES;
				GCC_WARN_UNUSED_VARIABLE = YES;
				LOCALIZATION_PREFERS_STRING_CATALOGS = YES;
				MTL_ENABLE_DEBUG_INFO = NO;
				MTL_FAST_MATH = YES;
				SWIFT_COMPILATION_MODE = wholemodule;
			};
			name = Release;
		};
		944D89C32DC1E75C00C24391 /* Debug */ = {
			isa = XCBuildConfiguration;
			buildSettings = {
				CODE_SIGN_STYLE = Automatic;
				CURRENT_PROJECT_VERSION = 1;
				GENERATE_INFOPLIST_FILE = YES;
				INFOPLIST_FILE = "iOS (Extension)/Info.plist";
				INFOPLIST_KEY_CFBundleDisplayName = "FuckTheKLMSLogin Extension";
				INFOPLIST_KEY_NSHumanReadableCopyright = "";
				IPHONEOS_DEPLOYMENT_TARGET = 15.0;
				LD_RUNPATH_SEARCH_PATHS = (
					"$(inherited)",
					"@executable_path/Frameworks",
					"@executable_path/../../Frameworks",
				);
				MARKETING_VERSION = 1.0;
				OTHER_LDFLAGS = (
					"-framework",
					SafariServices,
				);
				PRODUCT_BUNDLE_IDENTIFIER = com.example.FuckTheKLMSLogin.Extension;
				PRODUCT_NAME = "FuckTheKLMSLogin Extension";
				SDKROOT = iphoneos;
				SKIP_INSTALL = YES;
				SWIFT_EMIT_LOC_STRINGS = YES;
				SWIFT_VERSION = 5.0;
				TARGETED_DEVICE_FAMILY = "1,2";
			};
			name = Debug;
		};
		944D89C42DC1E75C00C24391 /* Release */ = {
			isa = XCBuildConfiguration;
			buildSettings = {
				CODE_SIGN_STYLE = Automatic;
				CURRENT_PROJECT_VERSION = 1;
				GENERATE_INFOPLIST_FILE = YES;
				INFOPLIST_FILE = "iOS (Extension)/Info.plist";
				INFOPLIST_KEY_CFBundleDisplayName = "FuckTheKLMSLogin Extension";
				INFOPLIST_KEY_NSHumanReadableCopyright = "";
				IPHONEOS_DEPLOYMENT_TARGET = 15.0;
				LD_RUNPATH_SEARCH_PATHS = (
					"$(inherited)",
					"@executable_path/Frameworks",
					"@executable_path/../../Frameworks",
				);
				MARKETING_VERSION = 1.0;
				OTHER_LDFLAGS = (
					"-framework",
					SafariServices,
				);
				PRODUCT_BUNDLE_IDENTIFIER = com.example.FuckTheKLMSLogin.Extension;
				PRODUCT_NAME = "FuckTheKLMSLogin Extension";
				SDKROOT = iphoneos;
				SKIP_INSTALL = YES;
				SWIFT_EMIT_LOC_STRINGS = YES;
				SWIFT_VERSION = 5.0;
				TARGETED_DEVICE_FAMILY = "1,2";
				VALIDATE_PRODUCT = YES;
			};
			name = Release;
		};
		944D89C72DC1E75C00C24391 /* Debug */ = {
			isa = XCBuildConfiguration;
			buildSettings = {
				ASSETCATALOG_COMPILER_APPICON_NAME = AppIcon;
				ASSETCATALOG_COMPILER_GLOBAL_ACCENT_COLOR_NAME = AccentColor;
				CODE_SIGN_STYLE = Automatic;
				CURRENT_PROJECT_VERSION = 1;
				GENERATE_INFOPLIST_FILE = YES;
				INFOPLIST_FILE = "iOS (App)/Info.plist";
				INFOPLIST_KEY_CFBundleDisplayName = FuckTheKLMSLogin;
				INFOPLIST_KEY_UIApplicationSupportsIndirectInputEvents = YES;
				INFOPLIST_KEY_UILaunchStoryboardName = LaunchScreen;
				INFOPLIST_KEY_UIMainStoryboardFile = Main;
				INFOPLIST_KEY_UISupportedInterfaceOrientations = "UIInterfaceOrientationPortrait UIInterfaceOrientationLandscapeLeft UIInterfaceOrientationLandscapeRight";
				INFOPLIST_KEY_UISupportedInterfaceOrientations_iPad = "UIInterfaceOrientationPortrait UIInterfaceOrientationPortraitUpsideDown UIInterfaceOrientationLandscapeLeft UIInterfaceOrientationLandscapeRight";
				IPHONEOS_DEPLOYMENT_TARGET = 15.0;
				LD_RUNPATH_SEARCH_PATHS = (
					"$(inherited)",
					"@executable_path/Frameworks",
				);
				MARKETING_VERSION = 1.0;
				OTHER_LDFLAGS = (
					"-framework",
					SafariServices,
					"-framework",
					WebKit,
				);
				PRODUCT_BUNDLE_IDENTIFIER = com.example.FuckTheKLMSLogin;
				PRODUCT_NAME = FuckTheKLMSLogin;
				SDKROOT = iphoneos;
				SWIFT_EMIT_LOC_STRINGS = YES;
				SWIFT_VERSION = 5.0;
				TARGETED_DEVICE_FAMILY = "1,2";
			};
			name = Debug;
		};
		944D89C82DC1E75C00C24391 /* Release */ = {
			isa = XCBuildConfiguration;
			buildSettings = {
				ASSETCATALOG_COMPILER_APPICON_NAME = AppIcon;
				ASSETCATALOG_COMPILER_GLOBAL_ACCENT_COLOR_NAME = AccentColor;
				CODE_SIGN_STYLE = Automatic;
				CURRENT_PROJECT_VERSION = 1;
				GENERATE_INFOPLIST_FILE = YES;
				INFOPLIST_FILE = "iOS (App)/Info.plist";
				INFOPLIST_KEY_CFBundleDisplayName = FuckTheKLMSLogin;
				INFOPLIST_KEY_UIApplicationSupportsIndirectInputEvents = YES;
				INFOPLIST_KEY_UILaunchStoryboardName = LaunchScreen;
				INFOPLIST_KEY_UIMainStoryboardFile = Main;
				INFOPLIST_KEY_UISupportedInterfaceOrientations = "UIInterfaceOrientationPortrait UIInterfaceOrientationLandscapeLeft UIInterfaceOrientationLandscapeRight";
				INFOPLIST_KEY_UISupportedInterfaceOrientations_iPad = "UIInterfaceOrientationPortrait UIInterfaceOrientationPortraitUpsideDown UIInterfaceOrientationLandscapeLeft UIInterfaceOrientationLandscapeRight";
				IPHONEOS_DEPLOYMENT_TARGET = 15.0;
				LD_RUNPATH_SEARCH_PATHS = (
					"$(inherited)",
					"@executable_path/Frameworks",
				);
				MARKETING_VERSION = 1.0;
				OTHER_LDFLAGS = (
					"-framework",
					SafariServices,
					"-framework",
					WebKit,
				);
				PRODUCT_BUNDLE_IDENTIFIER = com.example.FuckTheKLMSLogin;
				PRODUCT_NAME = FuckTheKLMSLogin;
				SDKROOT = iphoneos;
				SWIFT_EMIT_LOC_STRINGS = YES;
				SWIFT_VERSION = 5.0;
				TARGETED_DEVICE_FAMILY = "1,2";
				VALIDATE_PRODUCT = YES;
			};
			name = Release;
		};
		944D89CA2DC1E75C00C24391 /* Debug */ = {
			isa = XCBuildConfiguration;
			buildSettings = {
				CODE_SIGN_ENTITLEMENTS = "macOS (Extension)/FuckTheKLMSLogin.entitlements";
				CODE_SIGN_STYLE = Automatic;
				CURRENT_PROJECT_VERSION = 1;
				DEVELOPMENT_TEAM = KKV996P6RJ;
				ENABLE_HARDENED_RUNTIME = YES;
				GENERATE_INFOPLIST_FILE = YES;
				INFOPLIST_FILE = "macOS (Extension)/Info.plist";
				INFOPLIST_KEY_CFBundleDisplayName = "FuckTheKLMSLogin Extension";
				INFOPLIST_KEY_NSHumanReadableCopyright = "";
				LD_RUNPATH_SEARCH_PATHS = (
					"$(inherited)",
					"@executable_path/../Frameworks",
					"@executable_path/../../../../Frameworks",
				);
				MACOSX_DEPLOYMENT_TARGET = 10.14;
				MARKETING_VERSION = 1.0;
				OTHER_LDFLAGS = (
					"-framework",
					SafariServices,
				);
				PRODUCT_BUNDLE_IDENTIFIER = com.example.FuckTheKLMSLogin.Extension;
				PRODUCT_NAME = "FuckTheKLMSLogin Extension";
				SDKROOT = macosx;
				SKIP_INSTALL = YES;
				SWIFT_EMIT_LOC_STRINGS = YES;
				SWIFT_VERSION = 5.0;
			};
			name = Debug;
		};
		944D89CB2DC1E75C00C24391 /* Release */ = {
			isa = XCBuildConfiguration;
			buildSettings = {
				CODE_SIGN_ENTITLEMENTS = "macOS (Extension)/FuckTheKLMSLogin.entitlements";
				CODE_SIGN_STYLE = Automatic;
				CURRENT_PROJECT_VERSION = 1;
				ENABLE_HARDENED_RUNTIME = YES;
				GENERATE_INFOPLIST_FILE = YES;
				INFOPLIST_FILE = "macOS (Extension)/Info.plist";
				INFOPLIST_KEY_CFBundleDisplayName = "FuckTheKLMSLogin Extension";
				INFOPLIST_KEY_NSHumanReadableCopyright = "";
				LD_RUNPATH_SEARCH_PATHS = (
					"$(inherited)",
					"@executable_path/../Frameworks",
					"@executable_path/../../../../Frameworks",
				);
				MACOSX_DEPLOYMENT_TARGET = 10.14;
				MARKETING_VERSION = 1.0;
				OTHER_LDFLAGS = (
					"-framework",
					SafariServices,
				);
				PRODUCT_BUNDLE_IDENTIFIER = com.example.FuckTheKLMSLogin.Extension;
				PRODUCT_NAME = "FuckTheKLMSLogin Extension";
				SDKROOT = macosx;
				SKIP_INSTALL = YES;
				SWIFT_EMIT_LOC_STRINGS = YES;
				SWIFT_VERSION = 5.0;
			};
			name = Release;
		};
		944D89CE2DC1E75C00C24391 /* Debug */ = {
			isa = XCBuildConfiguration;
			buildSettings = {
				ASSETCATALOG_COMPILER_APPICON_NAME = AppIcon;
				ASSETCATALOG_COMPILER_GLOBAL_ACCENT_COLOR_NAME = AccentColor;
				CODE_SIGN_ENTITLEMENTS = "macOS (App)/FuckTheKLMSLogin.entitlements";
				CODE_SIGN_STYLE = Automatic;
				CURRENT_PROJECT_VERSION = 1;
				DEVELOPMENT_TEAM = KKV996P6RJ;
				ENABLE_HARDENED_RUNTIME = YES;
				GENERATE_INFOPLIST_FILE = YES;
				INFOPLIST_FILE = "macOS (App)/Info.plist";
				INFOPLIST_KEY_CFBundleDisplayName = FuckTheKLMSLogin;
				INFOPLIST_KEY_NSMainStoryboardFile = Main;
				INFOPLIST_KEY_NSPrincipalClass = NSApplication;
				LD_RUNPATH_SEARCH_PATHS = (
					"$(inherited)",
					"@executable_path/../Frameworks",
				);
				MACOSX_DEPLOYMENT_TARGET = 10.14;
				MARKETING_VERSION = 1.0;
				OTHER_LDFLAGS = (
					"-framework",
					SafariServices,
					"-framework",
					WebKit,
				);
				PRODUCT_BUNDLE_IDENTIFIER = com.example.FuckTheKLMSLogin;
				PRODUCT_NAME = FuckTheKLMSLogin;
				REGISTER_APP_GROUPS = YES;
				SDKROOT = macosx;
				SWIFT_EMIT_LOC_STRINGS = YES;
				SWIFT_VERSION = 5.0;
			};
			name = Debug;
		};
		944D89CF2DC1E75C00C24391 /* Release */ = {
			isa = XCBuildConfiguration;
			buildSettings = {
				ASSETCATALOG_COMPILER_APPICON_NAME = AppIcon;
				ASSETCATALOG_COMPILER_GLOBAL_ACCENT_COLOR_NAME = AccentColor;
				CODE_SIGN_ENTITLEMENTS = "macOS (App)/FuckTheKLMSLogin.entitlements";
				CODE_SIGN_STYLE = Automatic;
				CURRENT_PROJECT_VERSION = 1;
				ENABLE_HARDENED_RUNTIME = YES;
				GENERATE_INFOPLIST_FILE = YES;
				INFOPLIST_FILE = "macOS (App)/Info.plist";
				INFOPLIST_KEY_CFBundleDisplayName = FuckTheKLMSLogin;
				INFOPLIST_KEY_NSMainStoryboardFile = Main;
				INFOPLIST_KEY_NSPrincipalClass = NSApplication;
				LD_RUNPATH_SEARCH_PATHS = (
					"$(inherited)",
					"@executable_path/../Frameworks",
				);
				MACOSX_DEPLOYMENT_TARGET = 10.14;
				MARKETING_VERSION = 1.0;
				OTHER_LDFLAGS = (
					"-framework",
					SafariServices,
					"-framework",
					WebKit,
				);
				PRODUCT_BUNDLE_IDENTIFIER = com.example.FuckTheKLMSLogin;
				PRODUCT_NAME = FuckTheKLMSLogin;
				REGISTER_APP_GROUPS = YES;
				SDKROOT = macosx;
				SWIFT_EMIT_LOC_STRINGS = YES;
				SWIFT_VERSION = 5.0;
			};
			name = Release;
		};
/* End XCBuildConfiguration section */

/* Begin XCConfigurationList section */
		944D89722DC1E75B00C24391 /* Build configuration list for PBXProject "FuckTheKLMSLogin" */ = {
			isa = XCConfigurationList;
			buildConfigurations = (
				944D89C02DC1E75C00C24391 /* Debug */,
				944D89C12DC1E75C00C24391 /* Release */,
			);
			defaultConfigurationIsVisible = 0;
			defaultConfigurationName = Release;
		};
		944D89C22DC1E75C00C24391 /* Build configuration list for PBXNativeTarget "FuckTheKLMSLogin Extension (iOS)" */ = {
			isa = XCConfigurationList;
			buildConfigurations = (
				944D89C32DC1E75C00C24391 /* Debug */,
				944D89C42DC1E75C00C24391 /* Release */,
			);
			defaultConfigurationIsVisible = 0;
			defaultConfigurationName = Release;
		};
		944D89C62DC1E75C00C24391 /* Build configuration list for PBXNativeTarget "FuckTheKLMSLogin (iOS)" */ = {
			isa = XCConfigurationList;
			buildConfigurations = (
				944D89C72DC1E75C00C24391 /* Debug */,
				944D89C82DC1E75C00C24391 /* Release */,
			);
			defaultConfigurationIsVisible = 0;
			defaultConfigurationName = Release;
		};
		944D89C92DC1E75C00C24391 /* Build configuration list for PBXNativeTarget "FuckTheKLMSLogin Extension (macOS)" */ = {
			isa = XCConfigurationList;
			buildConfigurations = (
				944D89CA2DC1E75C00C24391 /* Debug */,
				944D89CB2DC1E75C00C24391 /* Release */,
			);
			defaultConfigurationIsVisible = 0;
			defaultConfigurationName = Release;
		};
		944D89CD2DC1E75C00C24391 /* Build configuration list for PBXNativeTarget "FuckTheKLMSLogin (macOS)" */ = {
			isa = XCConfigurationList;
			buildConfigurations = (
				944D89CE2DC1E75C00C24391 /* Debug */,
				944D89CF2DC1E75C00C24391 /* Release */,
			);
			defaultConfigurationIsVisible = 0;
			defaultConfigurationName = Release;
		};
/* End XCConfigurationList section */
	};
	rootObject = 944D896F2DC1E75B00C24391 /* Project object */;
}
